
Microsoft Visual Studio Solution File, Format Version 12.00
# Visual Studio Version 16
VisualStudioVersion = 16.0.810.25
MinimumVisualStudioVersion = 10.0.40219.1
Project("{FAE04EC0-301F-11D3-BF4B-00C04F79EFBC}") = "ConsoleApp", "ConsoleApp\ConsoleApp.csproj", "{3CA03D68-0656-4B80-BD39-29C92C5D6806}"
EndProject
Project("{FAE04EC0-301F-11D3-BF4B-00C04F79EFBC}") = "MenuSystem", "MenuSystem\MenuSystem.csproj", "{C1C95FCA-1FDD-4D8E-A57F-A272D6F9D2C1}"
EndProject
Global
	GlobalSection(SolutionConfigurationPlatforms) = preSolution
		Debug|Any CPU = Debug|Any CPU
		Release|Any CPU = Release|Any CPU
	EndGlobalSection
	GlobalSection(ProjectConfigurationPlatforms) = postSolution
		{3CA03D68-0656-4B80-BD39-29C92C5D6806}.Debug|Any CPU.ActiveCfg = Debug|Any CPU
		{3CA03D68-0656-4B80-BD39-29C92C5D6806}.Debug|Any CPU.Build.0 = Debug|Any CPU
		{3CA03D68-0656-4B80-BD39-29C92C5D6806}.Release|Any CPU.ActiveCfg = Release|Any CPU
		{3CA03D68-0656-4B80-BD39-29C92C5D6806}.Release|Any CPU.Build.0 = Release|Any CPU
		{C1C95FCA-1FDD-4D8E-A57F-A272D6F9D2C1}.Debug|Any CPU.ActiveCfg = Debug|Any CPU
		{C1C95FCA-1FDD-4D8E-A57F-A272D6F9D2C1}.Debug|Any CPU.Build.0 = Debug|Any CPU
		{C1C95FCA-1FDD-4D8E-A57F-A272D6F9D2C1}.Release|Any CPU.ActiveCfg = Release|Any CPU
		{C1C95FCA-1FDD-4D8E-A57F-A272D6F9D2C1}.Release|Any CPU.Build.0 = Release|Any CPU
	EndGlobalSection
	GlobalSection(SolutionProperties) = preSolution
		HideSolutionNode = FALSE
	EndGlobalSection
	GlobalSection(ExtensibilityGlobals) = postSolution
		SolutionGuid = {0B51D41D-EE4A-40F7-BC2E-3674A387C1C1}
	EndGlobalSection
EndGlobal
