
Microsoft Visual Studio Solution File, Format Version 12.00
# Visual Studio Version 16
VisualStudioVersion = 16.0.810.25
MinimumVisualStudioVersion = 10.0.40219.1
Project("{FAE04EC0-301F-11D3-BF4B-00C04F79EFBC}") = "ConsoleApp", "ConsoleApp\ConsoleApp.csproj", "{3CA03D68-0656-4B80-BD39-29C92C5D6806}"
EndProject
Project("{FAE04EC0-301F-11D3-BF4B-00C04F79EFBC}") = "ConsoleUI", "ConsoleUI\ConsoleUI.csproj", "{C7ABF0C8-64F5-41AB-9700-7867B39DC3F5}"
EndProject
Project("{FAE04EC0-301F-11D3-BF4B-00C04F79EFBC}") = "GameBrain", "GameBrain\GameBrain.csproj", "{20BA9506-7C57-4FE3-93D7-251546E5E77A}"
EndProject
Project("{2150E333-8FDC-42A3-9474-1A3956D46DE8}") = "Solution Items", "Solution Items", "{3811D315-7DCA-4866-89B4-C6A471949448}"
EndProject
Project("{FAE04EC0-301F-11D3-BF4B-00C04F79EFBC}") = "ConsoleAppColor", "ConsoleAppColor\ConsoleAppColor.csproj", "{988D0804-981A-45D4-AC7F-6CF3F7B5C5BD}"
EndProject
Project("{FAE04EC0-301F-11D3-BF4B-00C04F79EFBC}") = "DAL.FileSystem", "DAL.FileSystem\DAL.FileSystem.csproj", "{B69CAF5D-C424-42C3-A3FA-B23B402D8AA5}"
EndProject
Project("{FAE04EC0-301F-11D3-BF4B-00C04F79EFBC}") = "Domain", "Domain\Domain.csproj", "{37BB9162-1494-4CAC-A9CA-226CEB84C215}"
EndProject
Project("{FAE04EC0-301F-11D3-BF4B-00C04F79EFBC}") = "DAL", "DAL\DAL.csproj", "{D0D3C599-3F86-4B51-A336-B9A65A8BD3EB}"
EndProject
Project("{FAE04EC0-301F-11D3-BF4B-00C04F79EFBC}") = "MenuSystem", "MenuSystem\MenuSystem.csproj", "{D26D6B3D-8430-4C0B-95EF-A28CDC972696}"
EndProject
Global
	GlobalSection(SolutionConfigurationPlatforms) = preSolution
		Debug|Any CPU = Debug|Any CPU
		Release|Any CPU = Release|Any CPU
	EndGlobalSection
	GlobalSection(ProjectConfigurationPlatforms) = postSolution
		{3CA03D68-0656-4B80-BD39-29C92C5D6806}.Debug|Any CPU.ActiveCfg = Debug|Any CPU
		{3CA03D68-0656-4B80-BD39-29C92C5D6806}.Debug|Any CPU.Build.0 = Debug|Any CPU
		{3CA03D68-0656-4B80-BD39-29C92C5D6806}.Release|Any CPU.ActiveCfg = Release|Any CPU
		{3CA03D68-0656-4B80-BD39-29C92C5D6806}.Release|Any CPU.Build.0 = Release|Any CPU
		{C7ABF0C8-64F5-41AB-9700-7867B39DC3F5}.Debug|Any CPU.ActiveCfg = Debug|Any CPU
		{C7ABF0C8-64F5-41AB-9700-7867B39DC3F5}.Debug|Any CPU.Build.0 = Debug|Any CPU
		{C7ABF0C8-64F5-41AB-9700-7867B39DC3F5}.Release|Any CPU.ActiveCfg = Release|Any CPU
		{C7ABF0C8-64F5-41AB-9700-7867B39DC3F5}.Release|Any CPU.Build.0 = Release|Any CPU
		{20BA9506-7C57-4FE3-93D7-251546E5E77A}.Debug|Any CPU.ActiveCfg = Debug|Any CPU
		{20BA9506-7C57-4FE3-93D7-251546E5E77A}.Debug|Any CPU.Build.0 = Debug|Any CPU
		{20BA9506-7C57-4FE3-93D7-251546E5E77A}.Release|Any CPU.ActiveCfg = Release|Any CPU
		{20BA9506-7C57-4FE3-93D7-251546E5E77A}.Release|Any CPU.Build.0 = Release|Any CPU
		{988D0804-981A-45D4-AC7F-6CF3F7B5C5BD}.Debug|Any CPU.ActiveCfg = Debug|Any CPU
		{988D0804-981A-45D4-AC7F-6CF3F7B5C5BD}.Debug|Any CPU.Build.0 = Debug|Any CPU
		{988D0804-981A-45D4-AC7F-6CF3F7B5C5BD}.Release|Any CPU.ActiveCfg = Release|Any CPU
		{988D0804-981A-45D4-AC7F-6CF3F7B5C5BD}.Release|Any CPU.Build.0 = Release|Any CPU
		{B69CAF5D-C424-42C3-A3FA-B23B402D8AA5}.Debug|Any CPU.ActiveCfg = Debug|Any CPU
		{B69CAF5D-C424-42C3-A3FA-B23B402D8AA5}.Debug|Any CPU.Build.0 = Debug|Any CPU
		{B69CAF5D-C424-42C3-A3FA-B23B402D8AA5}.Release|Any CPU.ActiveCfg = Release|Any CPU
		{B69CAF5D-C424-42C3-A3FA-B23B402D8AA5}.Release|Any CPU.Build.0 = Release|Any CPU
		{37BB9162-1494-4CAC-A9CA-226CEB84C215}.Debug|Any CPU.ActiveCfg = Debug|Any CPU
		{37BB9162-1494-4CAC-A9CA-226CEB84C215}.Debug|Any CPU.Build.0 = Debug|Any CPU
		{37BB9162-1494-4CAC-A9CA-226CEB84C215}.Release|Any CPU.ActiveCfg = Release|Any CPU
		{37BB9162-1494-4CAC-A9CA-226CEB84C215}.Release|Any CPU.Build.0 = Release|Any CPU
		{D0D3C599-3F86-4B51-A336-B9A65A8BD3EB}.Debug|Any CPU.ActiveCfg = Debug|Any CPU
		{D0D3C599-3F86-4B51-A336-B9A65A8BD3EB}.Debug|Any CPU.Build.0 = Debug|Any CPU
		{D0D3C599-3F86-4B51-A336-B9A65A8BD3EB}.Release|Any CPU.ActiveCfg = Release|Any CPU
		{D0D3C599-3F86-4B51-A336-B9A65A8BD3EB}.Release|Any CPU.Build.0 = Release|Any CPU
		{D26D6B3D-8430-4C0B-95EF-A28CDC972696}.Debug|Any CPU.ActiveCfg = Debug|Any CPU
		{D26D6B3D-8430-4C0B-95EF-A28CDC972696}.Debug|Any CPU.Build.0 = Debug|Any CPU
		{D26D6B3D-8430-4C0B-95EF-A28CDC972696}.Release|Any CPU.ActiveCfg = Release|Any CPU
		{D26D6B3D-8430-4C0B-95EF-A28CDC972696}.Release|Any CPU.Build.0 = Release|Any CPU
	EndGlobalSection
	GlobalSection(SolutionProperties) = preSolution
		HideSolutionNode = FALSE
	EndGlobalSection
	GlobalSection(ExtensibilityGlobals) = postSolution
		SolutionGuid = {0B51D41D-EE4A-40F7-BC2E-3674A387C1C1}
	EndGlobalSection
EndGlobal
