
Microsoft Visual Studio Solution File, Format Version 12.00
# Visual Studio Version 16
VisualStudioVersion = 25.0.1703.5
MinimumVisualStudioVersion = 10.0.40219.1
Project("{FAE04EC0-301F-11D3-BF4B-00C04F79EFBC}") = "ConsoleApp", "ConsoleApp.csproj", "{0A062F2E-34D9-4729-AF1A-79EE7C820D7E}"
EndProject
Project("{FAE04EC0-301F-11D3-BF4B-00C04F79EFBC}") = "MenuSystem", "..\MenuSystem\MenuSystem.csproj", "{2E5E1FB9-2133-4FEC-A5F0-ACBDCAEB9347}"
EndProject
Global
	GlobalSection(SolutionConfigurationPlatforms) = preSolution
		Debug|Any CPU = Debug|Any CPU
		Release|Any CPU = Release|Any CPU
	EndGlobalSection
	GlobalSection(ProjectConfigurationPlatforms) = postSolution
		{0A062F2E-34D9-4729-AF1A-79EE7C820D7E}.Debug|Any CPU.ActiveCfg = Debug|Any CPU
		{0A062F2E-34D9-4729-AF1A-79EE7C820D7E}.Debug|Any CPU.Build.0 = Debug|Any CPU
		{0A062F2E-34D9-4729-AF1A-79EE7C820D7E}.Release|Any CPU.ActiveCfg = Release|Any CPU
		{0A062F2E-34D9-4729-AF1A-79EE7C820D7E}.Release|Any CPU.Build.0 = Release|Any CPU
		{2E5E1FB9-2133-4FEC-A5F0-ACBDCAEB9347}.Debug|Any CPU.ActiveCfg = Debug|Any CPU
		{2E5E1FB9-2133-4FEC-A5F0-ACBDCAEB9347}.Debug|Any CPU.Build.0 = Debug|Any CPU
		{2E5E1FB9-2133-4FEC-A5F0-ACBDCAEB9347}.Release|Any CPU.ActiveCfg = Release|Any CPU
		{2E5E1FB9-2133-4FEC-A5F0-ACBDCAEB9347}.Release|Any CPU.Build.0 = Release|Any CPU
	EndGlobalSection
	GlobalSection(SolutionProperties) = preSolution
		HideSolutionNode = FALSE
	EndGlobalSection
	GlobalSection(ExtensibilityGlobals) = postSolution
		SolutionGuid = {2C175C18-B555-42C3-91E9-E3CB275A91C0}
	EndGlobalSection
EndGlobal
